
Microsoft Visual Studio Solution File, Format Version 12.00
# Visual Studio Version 16
VisualStudioVersion = 16.0.31424.327
MinimumVisualStudioVersion = 10.0.40219.1
Project("{FAE04EC0-301F-11D3-BF4B-00C04F79EFBC}") = "2.1.AdivinaNumero", "2.1.AdivinaNumero.csproj", "{C521296F-AE55-4544-98AF-2FE6EF08F377}"
EndProject
Global
	GlobalSection(SolutionConfigurationPlatforms) = preSolution
		Debug|Any CPU = Debug|Any CPU
		Release|Any CPU = Release|Any CPU
	EndGlobalSection
	GlobalSection(ProjectConfigurationPlatforms) = postSolution
		{C521296F-AE55-4544-98AF-2FE6EF08F377}.Debug|Any CPU.ActiveCfg = Debug|Any CPU
		{C521296F-AE55-4544-98AF-2FE6EF08F377}.Debug|Any CPU.Build.0 = Debug|Any CPU
		{C521296F-AE55-4544-98AF-2FE6EF08F377}.Release|Any CPU.ActiveCfg = Release|Any CPU
		{C521296F-AE55-4544-98AF-2FE6EF08F377}.Release|Any CPU.Build.0 = Release|Any CPU
	EndGlobalSection
	GlobalSection(SolutionProperties) = preSolution
		HideSolutionNode = FALSE
	EndGlobalSection
	GlobalSection(ExtensibilityGlobals) = postSolution
		SolutionGuid = {530F8FBB-DB94-4DD5-A7CF-7DD4057B8CCA}
	EndGlobalSection
EndGlobal
